{
  "name": "@yangbing007/prettier-config",
  "version": "1.0.0",
  "lockfileVersion": 3,
  "requires": true,
  "packages": {
    "": {
      "name": "@yangbing007/prettier-config",
      "version": "1.0.0",
      "license": "MIT",
      "dependencies": {
        "@john-lone/learn-github-package": "^1.0.0"
      }
    },
    "node_modules/@john-lone/learn-github-package": {
      "version": "1.0.0",
      "resolved": "https://registry.npmjs.org/@john-lone/learn-github-package/-/learn-github-package-1.0.0.tgz",
      "integrity": "sha512-KjyKaoJ2yMsvKFp5yGQjKsjPFGulk1LEj9n8GaHSxGWHFuOW9tNg1qlIbFR12OpiLTJ5UcPQctA+7axrU8uZJQ=="
    }
  }
}
