lockfileVersion: '6.0'

settings:
  autoInstallPeers: true
  excludeLinksFromLockfile: false

dependencies:
  '@yangbing007/learn-github-package':
    specifier: 1.0.0
    version: 1.0.0

packages:

  /@yangbing007/learn-github-package@1.0.0:
    resolution: {integrity: sha512-VY7CpGTHAZtV/mln7FZxMLo/tU7o32vV521rhtowA01PXWqhrkRQ33gnBV84wMCsNSJdJdgpEv+h/91KSlwqfg==, tarball: https://npm.pkg.github.com/download/@yangbing007/learn-github-package/1.0.0/13cb920333a460d3bb260922a12da1838622f03b}
    dev: false
